// !$*UTF8*$!
{
	archiveVersion = 1;
	classes = {
	};
	objectVersion = 50;
	objects = {

/* Begin PBXBuildFile section */
		40C319C120AD7C6A00505C22 /* AppDelegate.swift in Sources */ = {isa = PBXBuildFile; fileRef = 40C319C020AD7C6A00505C22 /* AppDelegate.swift */; };
		40C319C320AD7C6A00505C22 /* ViewController.swift in Sources */ = {isa = PBXBuildFile; fileRef = 40C319C220AD7C6A00505C22 /* ViewController.swift */; };
		40C319C620AD7C6A00505C22 /* Main.storyboard in Resources */ = {isa = PBXBuildFile; fileRef = 40C319C420AD7C6A00505C22 /* Main.storyboard */; };
		40C319C820AD7C6C00505C22 /* Assets.xcassets in Resources */ = {isa = PBXBuildFile; fileRef = 40C319C720AD7C6C00505C22 /* Assets.xcassets */; };
		40C319CB20AD7C6C00505C22 /* LaunchScreen.storyboard in Resources */ = {isa = PBXBuildFile; fileRef = 40C319C920AD7C6C00505C22 /* LaunchScreen.storyboard */; };
		40C319D620AD7C6C00505C22 /* PetrolPatrolTests.swift in Sources */ = {isa = PBXBuildFile; fileRef = 40C319D520AD7C6C00505C22 /* PetrolPatrolTests.swift */; };
		40C319E120AD7C6C00505C22 /* PetrolPatrolUITests.swift in Sources */ = {isa = PBXBuildFile; fileRef = 40C319E020AD7C6C00505C22 /* PetrolPatrolUITests.swift */; };
/* End PBXBuildFile section */

/* Begin PBXContainerItemProxy section */
		40C319D220AD7C6C00505C22 /* PBXContainerItemProxy */ = {
			isa = PBXContainerItemProxy;
			containerPortal = 40C319B520AD7C6A00505C22 /* Project object */;
			proxyType = 1;
			remoteGlobalIDString = 40C319BC20AD7C6A00505C22;
			remoteInfo = PetrolPatrol;
		};
		40C319DD20AD7C6C00505C22 /* PBXContainerItemProxy */ = {
			isa = PBXContainerItemProxy;
			containerPortal = 40C319B520AD7C6A00505C22 /* Project object */;
			proxyType = 1;
			remoteGlobalIDString = 40C319BC20AD7C6A00505C22;
			remoteInfo = PetrolPatrol;
		};
/* End PBXContainerItemProxy section */

/* Begin PBXFileReference section */
		40C319BD20AD7C6A00505C22 /* PetrolPatrol.app */ = {isa = PBXFileReference; explicitFileType = wrapper.application; includeInIndex = 0; path = PetrolPatrol.app; sourceTree = BUILT_PRODUCTS_DIR; };
		40C319C020AD7C6A00505C22 /* AppDelegate.swift */ = {isa = PBXFileReference; lastKnownFileType = sourcecode.swift; path = AppDelegate.swift; sourceTree = "<group>"; };
		40C319C220AD7C6A00505C22 /* ViewController.swift */ = {isa = PBXFileReference; lastKnownFileType = sourcecode.swift; path = ViewController.swift; sourceTree = "<group>"; };
		40C319C520AD7C6A00505C22 /* Base */ = {isa = PBXFileReference; lastKnownFileType = file.storyboard; name = Base; path = Base.lproj/Main.storyboard; sourceTree = "<group>"; };
		40C319C720AD7C6C00505C22 /* Assets.xcassets */ = {isa = PBXFileReference; lastKnownFileType = folder.assetcatalog; path = Assets.xcassets; sourceTree = "<group>"; };
		40C319CA20AD7C6C00505C22 /* Base */ = {isa = PBXFileReference; lastKnownFileType = file.storyboard; name = Base; path = Base.lproj/LaunchScreen.storyboard; sourceTree = "<group>"; };
		40C319CC20AD7C6C00505C22 /* Info.plist */ = {isa = PBXFileReference; lastKnownFileType = text.plist.xml; path = Info.plist; sourceTree = "<group>"; };
		40C319D120AD7C6C00505C22 /* PetrolPatrolTests.xctest */ = {isa = PBXFileReference; explicitFileType = wrapper.cfbundle; includeInIndex = 0; path = PetrolPatrolTests.xctest; sourceTree = BUILT_PRODUCTS_DIR; };
		40C319D520AD7C6C00505C22 /* PetrolPatrolTests.swift */ = {isa = PBXFileReference; lastKnownFileType = sourcecode.swift; path = PetrolPatrolTests.swift; sourceTree = "<group>"; };
		40C319D720AD7C6C00505C22 /* Info.plist */ = {isa = PBXFileReference; lastKnownFileType = text.plist.xml; path = Info.plist; sourceTree = "<group>"; };
		40C319DC20AD7C6C00505C22 /* PetrolPatrolUITests.xctest */ = {isa = PBXFileReference; explicitFileType = wrapper.cfbundle; includeInIndex = 0; path = PetrolPatrolUITests.xctest; sourceTree = BUILT_PRODUCTS_DIR; };
		40C319E020AD7C6C00505C22 /* PetrolPatrolUITests.swift */ = {isa = PBXFileReference; lastKnownFileType = sourcecode.swift; path = PetrolPatrolUITests.swift; sourceTree = "<group>"; };
		40C319E220AD7C6C00505C22 /* Info.plist */ = {isa = PBXFileReference; lastKnownFileType = text.plist.xml; path = Info.plist; sourceTree = "<group>"; };
/* End PBXFileReference section */

/* Begin PBXFrameworksBuildPhase section */
		40C319BA20AD7C6A00505C22 /* Frameworks */ = {
			isa = PBXFrameworksBuildPhase;
			buildActionMask = 2147483647;
			files = (
			);
			runOnlyForDeploymentPostprocessing = 0;
		};
		40C319CE20AD7C6C00505C22 /* Frameworks */ = {
			isa = PBXFrameworksBuildPhase;
			buildActionMask = 2147483647;
			files = (
			);
			runOnlyForDeploymentPostprocessing = 0;
		};
		40C319D920AD7C6C00505C22 /* Frameworks */ = {
			isa = PBXFrameworksBuildPhase;
			buildActionMask = 2147483647;
			files = (
			);
			runOnlyForDeploymentPostprocessing = 0;
		};
/* End PBXFrameworksBuildPhase section */

/* Begin PBXGroup section */
		40C319B420AD7C6A00505C22 = {
			isa = PBXGroup;
			children = (
				40C319BF20AD7C6A00505C22 /* PetrolPatrol */,
				40C319D420AD7C6C00505C22 /* PetrolPatrolTests */,
				40C319DF20AD7C6C00505C22 /* PetrolPatrolUITests */,
				40C319BE20AD7C6A00505C22 /* Products */,
			);
			sourceTree = "<group>";
		};
		40C319BE20AD7C6A00505C22 /* Products */ = {
			isa = PBXGroup;
			children = (
				40C319BD20AD7C6A00505C22 /* PetrolPatrol.app */,
				40C319D120AD7C6C00505C22 /* PetrolPatrolTests.xctest */,
				40C319DC20AD7C6C00505C22 /* PetrolPatrolUITests.xctest */,
			);
			name = Products;
			sourceTree = "<group>";
		};
		40C319BF20AD7C6A00505C22 /* PetrolPatrol */ = {
			isa = PBXGroup;
			children = (
				40C319C020AD7C6A00505C22 /* AppDelegate.swift */,
				40C319C220AD7C6A00505C22 /* ViewController.swift */,
				40C319C420AD7C6A00505C22 /* Main.storyboard */,
				40C319C720AD7C6C00505C22 /* Assets.xcassets */,
				40C319C920AD7C6C00505C22 /* LaunchScreen.storyboard */,
				40C319CC20AD7C6C00505C22 /* Info.plist */,
			);
			path = PetrolPatrol;
			sourceTree = "<group>";
		};
		40C319D420AD7C6C00505C22 /* PetrolPatrolTests */ = {
			isa = PBXGroup;
			children = (
				40C319D520AD7C6C00505C22 /* PetrolPatrolTests.swift */,
				40C319D720AD7C6C00505C22 /* Info.plist */,
			);
			path = PetrolPatrolTests;
			sourceTree = "<group>";
		};
		40C319DF20AD7C6C00505C22 /* PetrolPatrolUITests */ = {
			isa = PBXGroup;
			children = (
				40C319E020AD7C6C00505C22 /* PetrolPatrolUITests.swift */,
				40C319E220AD7C6C00505C22 /* Info.plist */,
			);
			path = PetrolPatrolUITests;
			sourceTree = "<group>";
		};
/* End PBXGroup section */

/* Begin PBXNativeTarget section */
		40C319BC20AD7C6A00505C22 /* PetrolPatrol */ = {
			isa = PBXNativeTarget;
			buildConfigurationList = 40C319E520AD7C6C00505C22 /* Build configuration list for PBXNativeTarget "PetrolPatrol" */;
			buildPhases = (
				40C319B920AD7C6A00505C22 /* Sources */,
				40C319BA20AD7C6A00505C22 /* Frameworks */,
				40C319BB20AD7C6A00505C22 /* Resources */,
			);
			buildRules = (
			);
			dependencies = (
			);
			name = PetrolPatrol;
			productName = PetrolPatrol;
			productReference = 40C319BD20AD7C6A00505C22 /* PetrolPatrol.app */;
			productType = "com.apple.product-type.application";
		};
		40C319D020AD7C6C00505C22 /* PetrolPatrolTests */ = {
			isa = PBXNativeTarget;
			buildConfigurationList = 40C319E820AD7C6C00505C22 /* Build configuration list for PBXNativeTarget "PetrolPatrolTests" */;
			buildPhases = (
				40C319CD20AD7C6C00505C22 /* Sources */,
				40C319CE20AD7C6C00505C22 /* Frameworks */,
				40C319CF20AD7C6C00505C22 /* Resources */,
			);
			buildRules = (
			);
			dependencies = (
				40C319D320AD7C6C00505C22 /* PBXTargetDependency */,
			);
			name = PetrolPatrolTests;
			productName = PetrolPatrolTests;
			productReference = 40C319D120AD7C6C00505C22 /* PetrolPatrolTests.xctest */;
			productType = "com.apple.product-type.bundle.unit-test";
		};
		40C319DB20AD7C6C00505C22 /* PetrolPatrolUITests */ = {
			isa = PBXNativeTarget;
			buildConfigurationList = 40C319EB20AD7C6C00505C22 /* Build configuration list for PBXNativeTarget "PetrolPatrolUITests" */;
			buildPhases = (
				40C319D820AD7C6C00505C22 /* Sources */,
				40C319D920AD7C6C00505C22 /* Frameworks */,
				40C319DA20AD7C6C00505C22 /* Resources */,
			);
			buildRules = (
			);
			dependencies = (
				40C319DE20AD7C6C00505C22 /* PBXTargetDependency */,
			);
			name = PetrolPatrolUITests;
			productName = PetrolPatrolUITests;
			productReference = 40C319DC20AD7C6C00505C22 /* PetrolPatrolUITests.xctest */;
			productType = "com.apple.product-type.bundle.ui-testing";
		};
/* End PBXNativeTarget section */

/* Begin PBXProject section */
		40C319B520AD7C6A00505C22 /* Project object */ = {
			isa = PBXProject;
			attributes = {
				LastSwiftUpdateCheck = 0930;
				LastUpgradeCheck = 0930;
				ORGANIZATIONNAME = "Ilyas-Karshigabekov";
				TargetAttributes = {
					40C319BC20AD7C6A00505C22 = {
						CreatedOnToolsVersion = 9.3;
					};
					40C319D020AD7C6C00505C22 = {
						CreatedOnToolsVersion = 9.3;
						TestTargetID = 40C319BC20AD7C6A00505C22;
					};
					40C319DB20AD7C6C00505C22 = {
						CreatedOnToolsVersion = 9.3;
						TestTargetID = 40C319BC20AD7C6A00505C22;
					};
				};
			};
			buildConfigurationList = 40C319B820AD7C6A00505C22 /* Build configuration list for PBXProject "PetrolPatrol" */;
			compatibilityVersion = "Xcode 9.3";
			developmentRegion = en;
			hasScannedForEncodings = 0;
			knownRegions = (
				en,
				Base,
			);
			mainGroup = 40C319B420AD7C6A00505C22;
			productRefGroup = 40C319BE20AD7C6A00505C22 /* Products */;
			projectDirPath = "";
			projectRoot = "";
			targets = (
				40C319BC20AD7C6A00505C22 /* PetrolPatrol */,
				40C319D020AD7C6C00505C22 /* PetrolPatrolTests */,
				40C319DB20AD7C6C00505C22 /* PetrolPatrolUITests */,
			);
		};
/* End PBXProject section */

/* Begin PBXResourcesBuildPhase section */
		40C319BB20AD7C6A00505C22 /* Resources */ = {
			isa = PBXResourcesBuildPhase;
			buildActionMask = 2147483647;
			files = (
				40C319CB20AD7C6C00505C22 /* LaunchScreen.storyboard in Resources */,
				40C319C820AD7C6C00505C22 /* Assets.xcassets in Resources */,
				40C319C620AD7C6A00505C22 /* Main.storyboard in Resources */,
			);
			runOnlyForDeploymentPostprocessing = 0;
		};
		40C319CF20AD7C6C00505C22 /* Resources */ = {
			isa = PBXResourcesBuildPhase;
			buildActionMask = 2147483647;
			files = (
			);
			runOnlyForDeploymentPostprocessing = 0;
		};
		40C319DA20AD7C6C00505C22 /* Resources */ = {
			isa = PBXResourcesBuildPhase;
			buildActionMask = 2147483647;
			files = (
			);
			runOnlyForDeploymentPostprocessing = 0;
		};
/* End PBXResourcesBuildPhase section */

/* Begin PBXSourcesBuildPhase section */
		40C319B920AD7C6A00505C22 /* Sources */ = {
			isa = PBXSourcesBuildPhase;
			buildActionMask = 2147483647;
			files = (
				40C319C320AD7C6A00505C22 /* ViewController.swift in Sources */,
				40C319C120AD7C6A00505C22 /* AppDelegate.swift in Sources */,
			);
			runOnlyForDeploymentPostprocessing = 0;
		};
		40C319CD20AD7C6C00505C22 /* Sources */ = {
			isa = PBXSourcesBuildPhase;
			buildActionMask = 2147483647;
			files = (
				40C319D620AD7C6C00505C22 /* PetrolPatrolTests.swift in Sources */,
			);
			runOnlyForDeploymentPostprocessing = 0;
		};
		40C319D820AD7C6C00505C22 /* Sources */ = {
			isa = PBXSourcesBuildPhase;
			buildActionMask = 2147483647;
			files = (
				40C319E120AD7C6C00505C22 /* PetrolPatrolUITests.swift in Sources */,
			);
			runOnlyForDeploymentPostprocessing = 0;
		};
/* End PBXSourcesBuildPhase section */

/* Begin PBXTargetDependency section */
		40C319D320AD7C6C00505C22 /* PBXTargetDependency */ = {
			isa = PBXTargetDependency;
			target = 40C319BC20AD7C6A00505C22 /* PetrolPatrol */;
			targetProxy = 40C319D220AD7C6C00505C22 /* PBXContainerItemProxy */;
		};
		40C319DE20AD7C6C00505C22 /* PBXTargetDependency */ = {
			isa = PBXTargetDependency;
			target = 40C319BC20AD7C6A00505C22 /* PetrolPatrol */;
			targetProxy = 40C319DD20AD7C6C00505C22 /* PBXContainerItemProxy */;
		};
/* End PBXTargetDependency section */

/* Begin PBXVariantGroup section */
		40C319C420AD7C6A00505C22 /* Main.storyboard */ = {
			isa = PBXVariantGroup;
			children = (
				40C319C520AD7C6A00505C22 /* Base */,
			);
			name = Main.storyboard;
			sourceTree = "<group>";
		};
		40C319C920AD7C6C00505C22 /* LaunchScreen.storyboard */ = {
			isa = PBXVariantGroup;
			children = (
				40C319CA20AD7C6C00505C22 /* Base */,
			);
			name = LaunchScreen.storyboard;
			sourceTree = "<group>";
		};
/* End PBXVariantGroup section */

/* Begin XCBuildConfiguration section */
		40C319E320AD7C6C00505C22 /* Debug */ = {
			isa = XCBuildConfiguration;
			buildSettings = {
				ALWAYS_SEARCH_USER_PATHS = NO;
				CLANG_ANALYZER_NONNULL = YES;
				CLANG_ANALYZER_NUMBER_OBJECT_CONVERSION = YES_AGGRESSIVE;
				CLANG_CXX_LANGUAGE_STANDARD = "gnu++14";
				CLANG_CXX_LIBRARY = "libc++";
				CLANG_ENABLE_MODULES = YES;
				CLANG_ENABLE_OBJC_ARC = YES;
				CLANG_ENABLE_OBJC_WEAK = YES;
				CLANG_WARN_BLOCK_CAPTURE_AUTORELEASING = YES;
				CLANG_WARN_BOOL_CONVERSION = YES;
				CLANG_WARN_COMMA = YES;
				CLANG_WARN_CONSTANT_CONVERSION = YES;
				CLANG_WARN_DEPRECATED_OBJC_IMPLEMENTATIONS = YES;
				CLANG_WARN_DIRECT_OBJC_ISA_USAGE = YES_ERROR;
				CLANG_WARN_DOCUMENTATION_COMMENTS = YES;
				CLANG_WARN_EMPTY_BODY = YES;
				CLANG_WARN_ENUM_CONVERSION = YES;
				CLANG_WARN_INFINITE_RECURSION = YES;
				CLANG_WARN_INT_CONVERSION = YES;
				CLANG_WARN_NON_LITERAL_NULL_CONVERSION = YES;
				CLANG_WARN_OBJC_IMPLICIT_RETAIN_SELF = YES;
				CLANG_WARN_OBJC_LITERAL_CONVERSION = YES;
				CLANG_WARN_OBJC_ROOT_CLASS = YES_ERROR;
				CLANG_WARN_RANGE_LOOP_ANALYSIS = YES;
				CLANG_WARN_STRICT_PROTOTYPES = YES;
				CLANG_WARN_SUSPICIOUS_MOVE = YES;
				CLANG_WARN_UNGUARDED_AVAILABILITY = YES_AGGRESSIVE;
				CLANG_WARN_UNREACHABLE_CODE = YES;
				CLANG_WARN__DUPLICATE_METHOD_MATCH = YES;
				CODE_SIGN_IDENTITY = "iPhone Developer";
				COPY_PHASE_STRIP = NO;
				DEBUG_INFORMATION_FORMAT = dwarf;
				ENABLE_STRICT_OBJC_MSGSEND = YES;
				ENABLE_TESTABILITY = YES;
				GCC_C_LANGUAGE_STANDARD = gnu11;
				GCC_DYNAMIC_NO_PIC = NO;
				GCC_NO_COMMON_BLOCKS = YES;
				GCC_OPTIMIZATION_LEVEL = 0;
				GCC_PREPROCESSOR_DEFINITIONS = (
					"DEBUG=1",
					"$(inherited)",
				);
				GCC_WARN_64_TO_32_BIT_CONVERSION = YES;
				GCC_WARN_ABOUT_RETURN_TYPE = YES_ERROR;
				GCC_WARN_UNDECLARED_SELECTOR = YES;
				GCC_WARN_UNINITIALIZED_AUTOS = YES_AGGRESSIVE;
				GCC_WARN_UNUSED_FUNCTION = YES;
				GCC_WARN_UNUSED_VARIABLE = YES;
				IPHONEOS_DEPLOYMENT_TARGET = 11.3;
				MTL_ENABLE_DEBUG_INFO = YES;
				ONLY_ACTIVE_ARCH = YES;
				SDKROOT = iphoneos;
				SWIFT_ACTIVE_COMPILATION_CONDITIONS = DEBUG;
				SWIFT_OPTIMIZATION_LEVEL = "-Onone";
			};
			name = Debug;
		};
		40C319E420AD7C6C00505C22 /* Release */ = {
			isa = XCBuildConfiguration;
			buildSettings = {
				ALWAYS_SEARCH_USER_PATHS = NO;
				CLANG_ANALYZER_NONNULL = YES;
				CLANG_ANALYZER_NUMBER_OBJECT_CONVERSION = YES_AGGRESSIVE;
				CLANG_CXX_LANGUAGE_STANDARD = "gnu++14";
				CLANG_CXX_LIBRARY = "libc++";
				CLANG_ENABLE_MODULES = YES;
				CLANG_ENABLE_OBJC_ARC = YES;
				CLANG_ENABLE_OBJC_WEAK = YES;
				CLANG_WARN_BLOCK_CAPTURE_AUTORELEASING = YES;
				CLANG_WARN_BOOL_CONVERSION = YES;
				CLANG_WARN_COMMA = YES;
				CLANG_WARN_CONSTANT_CONVERSION = YES;
				CLANG_WARN_DEPRECATED_OBJC_IMPLEMENTATIONS = YES;
				CLANG_WARN_DIRECT_OBJC_ISA_USAGE = YES_ERROR;
				CLANG_WARN_DOCUMENTATION_COMMENTS = YES;
				CLANG_WARN_EMPTY_BODY = YES;
				CLANG_WARN_ENUM_CONVERSION = YES;
				CLANG_WARN_INFINITE_RECURSION = YES;
				CLANG_WARN_INT_CONVERSION = YES;
				CLANG_WARN_NON_LITERAL_NULL_CONVERSION = YES;
				CLANG_WARN_OBJC_IMPLICIT_RETAIN_SELF = YES;
				CLANG_WARN_OBJC_LITERAL_CONVERSION = YES;
				CLANG_WARN_OBJC_ROOT_CLASS = YES_ERROR;
				CLANG_WARN_RANGE_LOOP_ANALYSIS = YES;
				CLANG_WARN_STRICT_PROTOTYPES = YES;
				CLANG_WARN_SUSPICIOUS_MOVE = YES;
				CLANG_WARN_UNGUARDED_AVAILABILITY = YES_AGGRESSIVE;
				CLANG_WARN_UNREACHABLE_CODE = YES;
				CLANG_WARN__DUPLICATE_METHOD_MATCH = YES;
				CODE_SIGN_IDENTITY = "iPhone Developer";
				COPY_PHASE_STRIP = NO;
				DEBUG_INFORMATION_FORMAT = "dwarf-with-dsym";
				ENABLE_NS_ASSERTIONS = NO;
				ENABLE_STRICT_OBJC_MSGSEND = YES;
				GCC_C_LANGUAGE_STANDARD = gnu11;
				GCC_NO_COMMON_BLOCKS = YES;
				GCC_WARN_64_TO_32_BIT_CONVERSION = YES;
				GCC_WARN_ABOUT_RETURN_TYPE = YES_ERROR;
				GCC_WARN_UNDECLARED_SELECTOR = YES;
				GCC_WARN_UNINITIALIZED_AUTOS = YES_AGGRESSIVE;
				GCC_WARN_UNUSED_FUNCTION = YES;
				GCC_WARN_UNUSED_VARIABLE = YES;
				IPHONEOS_DEPLOYMENT_TARGET = 11.3;
				MTL_ENABLE_DEBUG_INFO = NO;
				SDKROOT = iphoneos;
				SWIFT_COMPILATION_MODE = wholemodule;
				SWIFT_OPTIMIZATION_LEVEL = "-O";
				VALIDATE_PRODUCT = YES;
			};
			name = Release;
		};
		40C319E620AD7C6C00505C22 /* Debug */ = {
			isa = XCBuildConfiguration;
			buildSettings = {
				ASSETCATALOG_COMPILER_APPICON_NAME = AppIcon;
				CODE_SIGN_STYLE = Automatic;
				DEVELOPMENT_TEAM = 9G5T356VCK;
				INFOPLIST_FILE = PetrolPatrol/Info.plist;
				LD_RUNPATH_SEARCH_PATHS = (
					"$(inherited)",
					"@executable_path/Frameworks",
				);
				PRODUCT_BUNDLE_IDENTIFIER = "com.ilyas-karshigabekov.PetrolPatrol";
				PRODUCT_NAME = "$(TARGET_NAME)";
				SWIFT_VERSION = 4.0;
				TARGETED_DEVICE_FAMILY = "1,2";
			};
			name = Debug;
		};
		40C319E720AD7C6C00505C22 /* Release */ = {
			isa = XCBuildConfiguration;
			buildSettings = {
				ASSETCATALOG_COMPILER_APPICON_NAME = AppIcon;
				CODE_SIGN_STYLE = Automatic;
				DEVELOPMENT_TEAM = 9G5T356VCK;
				INFOPLIST_FILE = PetrolPatrol/Info.plist;
				LD_RUNPATH_SEARCH_PATHS = (
					"$(inherited)",
					"@executable_path/Frameworks",
				);
				PRODUCT_BUNDLE_IDENTIFIER = "com.ilyas-karshigabekov.PetrolPatrol";
				PRODUCT_NAME = "$(TARGET_NAME)";
				SWIFT_VERSION = 4.0;
				TARGETED_DEVICE_FAMILY = "1,2";
			};
			name = Release;
		};
		40C319E920AD7C6C00505C22 /* Debug */ = {
			isa = XCBuildConfiguration;
			buildSettings = {
				ALWAYS_EMBED_SWIFT_STANDARD_LIBRARIES = YES;
				BUNDLE_LOADER = "$(TEST_HOST)";
				CODE_SIGN_STYLE = Automatic;
				DEVELOPMENT_TEAM = 9G5T356VCK;
				INFOPLIST_FILE = PetrolPatrolTests/Info.plist;
				LD_RUNPATH_SEARCH_PATHS = (
					"$(inherited)",
					"@executable_path/Frameworks",
					"@loader_path/Frameworks",
				);
				PRODUCT_BUNDLE_IDENTIFIER = "com.ilyas-karshigabekov.PetrolPatrolTests";
				PRODUCT_NAME = "$(TARGET_NAME)";
				SWIFT_VERSION = 4.0;
				TARGETED_DEVICE_FAMILY = "1,2";
				TEST_HOST = "$(BUILT_PRODUCTS_DIR)/PetrolPatrol.app/PetrolPatrol";
			};
			name = Debug;
		};
		40C319EA20AD7C6C00505C22 /* Release */ = {
			isa = XCBuildConfiguration;
			buildSettings = {
				ALWAYS_EMBED_SWIFT_STANDARD_LIBRARIES = YES;
				BUNDLE_LOADER = "$(TEST_HOST)";
				CODE_SIGN_STYLE = Automatic;
				DEVELOPMENT_TEAM = 9G5T356VCK;
				INFOPLIST_FILE = PetrolPatrolTests/Info.plist;
				LD_RUNPATH_SEARCH_PATHS = (
					"$(inherited)",
					"@executable_path/Frameworks",
					"@loader_path/Frameworks",
				);
				PRODUCT_BUNDLE_IDENTIFIER = "com.ilyas-karshigabekov.PetrolPatrolTests";
				PRODUCT_NAME = "$(TARGET_NAME)";
				SWIFT_VERSION = 4.0;
				TARGETED_DEVICE_FAMILY = "1,2";
				TEST_HOST = "$(BUILT_PRODUCTS_DIR)/PetrolPatrol.app/PetrolPatrol";
			};
			name = Release;
		};
		40C319EC20AD7C6C00505C22 /* Debug */ = {
			isa = XCBuildConfiguration;
			buildSettings = {
				ALWAYS_EMBED_SWIFT_STANDARD_LIBRARIES = YES;
				CODE_SIGN_STYLE = Automatic;
				DEVELOPMENT_TEAM = 9G5T356VCK;
				INFOPLIST_FILE = PetrolPatrolUITests/Info.plist;
				LD_RUNPATH_SEARCH_PATHS = (
					"$(inherited)",
					"@executable_path/Frameworks",
					"@loader_path/Frameworks",
				);
				PRODUCT_BUNDLE_IDENTIFIER = "com.ilyas-karshigabekov.PetrolPatrolUITests";
				PRODUCT_NAME = "$(TARGET_NAME)";
				SWIFT_VERSION = 4.0;
				TARGETED_DEVICE_FAMILY = "1,2";
				TEST_TARGET_NAME = PetrolPatrol;
			};
			name = Debug;
		};
		40C319ED20AD7C6C00505C22 /* Release */ = {
			isa = XCBuildConfiguration;
			buildSettings = {
				ALWAYS_EMBED_SWIFT_STANDARD_LIBRARIES = YES;
				CODE_SIGN_STYLE = Automatic;
				DEVELOPMENT_TEAM = 9G5T356VCK;
				INFOPLIST_FILE = PetrolPatrolUITests/Info.plist;
				LD_RUNPATH_SEARCH_PATHS = (
					"$(inherited)",
					"@executable_path/Frameworks",
					"@loader_path/Frameworks",
				);
				PRODUCT_BUNDLE_IDENTIFIER = "com.ilyas-karshigabekov.PetrolPatrolUITests";
				PRODUCT_NAME = "$(TARGET_NAME)";
				SWIFT_VERSION = 4.0;
				TARGETED_DEVICE_FAMILY = "1,2";
				TEST_TARGET_NAME = PetrolPatrol;
			};
			name = Release;
		};
/* End XCBuildConfiguration section */

/* Begin XCConfigurationList section */
		40C319B820AD7C6A00505C22 /* Build configuration list for PBXProject "PetrolPatrol" */ = {
			isa = XCConfigurationList;
			buildConfigurations = (
				40C319E320AD7C6C00505C22 /* Debug */,
				40C319E420AD7C6C00505C22 /* Release */,
			);
			defaultConfigurationIsVisible = 0;
			defaultConfigurationName = Release;
		};
		40C319E520AD7C6C00505C22 /* Build configuration list for PBXNativeTarget "PetrolPatrol" */ = {
			isa = XCConfigurationList;
			buildConfigurations = (
				40C319E620AD7C6C00505C22 /* Debug */,
				40C319E720AD7C6C00505C22 /* Release */,
			);
			defaultConfigurationIsVisible = 0;
			defaultConfigurationName = Release;
		};
		40C319E820AD7C6C00505C22 /* Build configuration list for PBXNativeTarget "PetrolPatrolTests" */ = {
			isa = XCConfigurationList;
			buildConfigurations = (
				40C319E920AD7C6C00505C22 /* Debug */,
				40C319EA20AD7C6C00505C22 /* Release */,
			);
			defaultConfigurationIsVisible = 0;
			defaultConfigurationName = Release;
		};
		40C319EB20AD7C6C00505C22 /* Build configuration list for PBXNativeTarget "PetrolPatrolUITests" */ = {
			isa = XCConfigurationList;
			buildConfigurations = (
				40C319EC20AD7C6C00505C22 /* Debug */,
				40C319ED20AD7C6C00505C22 /* Release */,
			);
			defaultConfigurationIsVisible = 0;
			defaultConfigurationName = Release;
		};
/* End XCConfigurationList section */
	};
	rootObject = 40C319B520AD7C6A00505C22 /* Project object */;
}
